# This file was autogenerated by Stack.
# You should not edit this file by hand.
# For more information, please see the documentation at:
#   https://docs.haskellstack.org/en/stable/lock_files

packages:
- completed:
    subdir: lib/amazonka
    name: amazonka
    version: '2.0'
    git: https://github.com/brendanhay/amazonka.git
    pantry-tree:
      size: 827
      sha256: b4870de379d02de2dd2b89812146e9879c992508aad734981b96d197e1b040c3
    commit: e64638ae16dc6d549d6e7c21262245e29761ede7
  original:
    subdir: lib/amazonka
    git: https://github.com/brendanhay/amazonka.git
    commit: e64638ae16dc6d549d6e7c21262245e29761ede7
- completed:
    subdir: lib/amazonka-core
    name: amazonka-core
    version: '2.0'
    git: https://github.com/brendanhay/amazonka.git
    pantry-tree:
      size: 3117
      sha256: 7062a01c0cdd8538a388b56ddfc35725c9d2222c4d44d933cbb3bfa0eda670c1
    commit: e64638ae16dc6d549d6e7c21262245e29761ede7
  original:
    subdir: lib/amazonka-core
    git: https://github.com/brendanhay/amazonka.git
    commit: e64638ae16dc6d549d6e7c21262245e29761ede7
- completed:
    subdir: lib/services/amazonka-sts
    name: amazonka-sts
    version: '2.0'
    git: https://github.com/brendanhay/amazonka.git
    pantry-tree:
      size: 2932
      sha256: cab234646c792a272ac2d7011c34fe06902a466900d953c85ffff4e3faaa1378
    commit: e64638ae16dc6d549d6e7c21262245e29761ede7
  original:
    subdir: lib/services/amazonka-sts
    git: https://github.com/brendanhay/amazonka.git
    commit: e64638ae16dc6d549d6e7c21262245e29761ede7
- completed:
    subdir: lib/services/amazonka-s3
    name: amazonka-s3
    version: '2.0'
    git: https://github.com/brendanhay/amazonka.git
    pantry-tree:
      size: 37921
      sha256: 6a643b1cf63b9fc3da9660d1682231dcea4c4157989ef60a414c7ecf67d2f1b0
    commit: e64638ae16dc6d549d6e7c21262245e29761ede7
  original:
    subdir: lib/services/amazonka-s3
    git: https://github.com/brendanhay/amazonka.git
    commit: e64638ae16dc6d549d6e7c21262245e29761ede7
snapshots:
- completed:
    size: 618506
    url: https://raw.githubusercontent.com/commercialhaskell/stackage-snapshots/master/lts/19/8.yaml
    sha256: f1c4aca9b9b81afbb9db55571acb0690cdc01ac97a178234de281f9dc075e95e
  original: lts-19.8
